
Microsoft Visual Studio Solution File, Format Version 12.00
# Visual Studio Version 16
VisualStudioVersion = 16.0.29001.49
MinimumVisualStudioVersion = 10.0.40219.1
Project("{FAE04EC0-301F-11D3-BF4B-00C04F79EFBC}") = "Hello World", "Hello World\Hello World.csproj", "{B0E15F0A-6B7D-4D4C-A1F1-56CD17295A7A}"
EndProject
Global
	GlobalSection(SolutionConfigurationPlatforms) = preSolution
		Debug|Any CPU = Debug|Any CPU
		Release|Any CPU = Release|Any CPU
	EndGlobalSection
	GlobalSection(ProjectConfigurationPlatforms) = postSolution
		{B0E15F0A-6B7D-4D4C-A1F1-56CD17295A7A}.Debug|Any CPU.ActiveCfg = Debug|Any CPU
		{B0E15F0A-6B7D-4D4C-A1F1-56CD17295A7A}.Debug|Any CPU.Build.0 = Debug|Any CPU
		{B0E15F0A-6B7D-4D4C-A1F1-56CD17295A7A}.Release|Any CPU.ActiveCfg = Release|Any CPU
		{B0E15F0A-6B7D-4D4C-A1F1-56CD17295A7A}.Release|Any CPU.Build.0 = Release|Any CPU
	EndGlobalSection
	GlobalSection(SolutionProperties) = preSolution
		HideSolutionNode = FALSE
	EndGlobalSection
	GlobalSection(ExtensibilityGlobals) = postSolution
		SolutionGuid = {1B73BF5D-CFC2-4BF9-8B40-A2256EB99721}
	EndGlobalSection
EndGlobal
